# generated by rye
# use `rye lock` or `rye sync` to update this lockfile
#
# last locked with the following flags:
#   pre: false
#   features: []
#   all-features: false
#   with-sources: false

-e file:.
astropy==6.0.0
    # via ridge-trace
astropy-iers-data==0.2024.2.19.0.28.47
    # via astropy
contourpy==1.2.0
    # via matplotlib
cycler==0.12.1
    # via matplotlib
fonttools==4.49.0
    # via matplotlib
kiwisolver==1.4.5
    # via matplotlib
matplotlib==3.8.3
    # via ridge-trace
    # via seaborn
numpy==1.26.4
    # via astropy
    # via contourpy
    # via matplotlib
    # via pandas
    # via pyerfa
    # via ridge-trace
    # via seaborn
packaging==23.2
    # via astropy
    # via matplotlib
pandas==2.2.0
    # via seaborn
pillow==10.2.0
    # via matplotlib
pyerfa==2.0.1.1
    # via astropy
pyparsing==3.1.1
    # via matplotlib
python-dateutil==2.8.2
    # via matplotlib
    # via pandas
pytz==2024.1
    # via pandas
pyyaml==6.0.1
    # via astropy
seaborn==0.13.2
    # via ridge-trace
six==1.16.0
    # via python-dateutil
tzdata==2024.1
    # via pandas
